
Microsoft Visual Studio Solution File, Format Version 12.00
# Visual Studio Version 17
VisualStudioVersion = 17.0.32014.148
MinimumVisualStudioVersion = 10.0.40219.1
Project("{9A19103F-16F7-4668-BE54-9A1E7A4F7556}") = "API", "API\API.csproj", "{8B1BF2FA-1C0A-44C2-8BA6-6E36A8D9B0E4}"
EndProject
Project("{FAE04EC0-301F-11D3-BF4B-00C04F79EFBC}") = "Core", "Core\Core.csproj", "{8FB414C2-9A8E-4778-BD95-81B2F79DFB05}"
EndProject
Project("{FAE04EC0-301F-11D3-BF4B-00C04F79EFBC}") = "Infrastructure", "Infrastructure\Infrastructure.csproj", "{377C6D6B-6FD1-45B8-BDD0-CC7EFB893107}"
EndProject
Global
	GlobalSection(SolutionConfigurationPlatforms) = preSolution
		Debug|Any CPU = Debug|Any CPU
		Release|Any CPU = Release|Any CPU
	EndGlobalSection
	GlobalSection(ProjectConfigurationPlatforms) = postSolution
		{8B1BF2FA-1C0A-44C2-8BA6-6E36A8D9B0E4}.Debug|Any CPU.ActiveCfg = Debug|Any CPU
		{8B1BF2FA-1C0A-44C2-8BA6-6E36A8D9B0E4}.Debug|Any CPU.Build.0 = Debug|Any CPU
		{8B1BF2FA-1C0A-44C2-8BA6-6E36A8D9B0E4}.Release|Any CPU.ActiveCfg = Release|Any CPU
		{8B1BF2FA-1C0A-44C2-8BA6-6E36A8D9B0E4}.Release|Any CPU.Build.0 = Release|Any CPU
		{8FB414C2-9A8E-4778-BD95-81B2F79DFB05}.Debug|Any CPU.ActiveCfg = Debug|Any CPU
		{8FB414C2-9A8E-4778-BD95-81B2F79DFB05}.Debug|Any CPU.Build.0 = Debug|Any CPU
		{8FB414C2-9A8E-4778-BD95-81B2F79DFB05}.Release|Any CPU.ActiveCfg = Release|Any CPU
		{8FB414C2-9A8E-4778-BD95-81B2F79DFB05}.Release|Any CPU.Build.0 = Release|Any CPU
		{377C6D6B-6FD1-45B8-BDD0-CC7EFB893107}.Debug|Any CPU.ActiveCfg = Debug|Any CPU
		{377C6D6B-6FD1-45B8-BDD0-CC7EFB893107}.Debug|Any CPU.Build.0 = Debug|Any CPU
		{377C6D6B-6FD1-45B8-BDD0-CC7EFB893107}.Release|Any CPU.ActiveCfg = Release|Any CPU
		{377C6D6B-6FD1-45B8-BDD0-CC7EFB893107}.Release|Any CPU.Build.0 = Release|Any CPU
	EndGlobalSection
	GlobalSection(SolutionProperties) = preSolution
		HideSolutionNode = FALSE
	EndGlobalSection
	GlobalSection(ExtensibilityGlobals) = postSolution
		SolutionGuid = {D8B35DB9-C61D-4403-AC7A-0F095F4C4E92}
	EndGlobalSection
EndGlobal
